// !$*UTF8*$!
{
	archiveVersion = 1;
	classes = {
	};
	objectVersion = 56;
	objects = {

/* Begin PBXBuildFile section */
		C0010001 /* MQTTExplorerApp.swift in Sources */ = {isa = PBXBuildFile; fileRef = F0010001; };
		C0010002 /* ContentView.swift in Sources */ = {isa = PBXBuildFile; fileRef = F0010002; };
		C0010003 /* ConnectionSetupView.swift in Sources */ = {isa = PBXBuildFile; fileRef = F0010003; };
		C0010004 /* TopicTreeView.swift in Sources */ = {isa = PBXBuildFile; fileRef = F0010004; };
		C0010005 /* AppViewModel.swift in Sources */ = {isa = PBXBuildFile; fileRef = F0010005; };
		C0010006 /* MQTTExplorerBackend in Frameworks */ = {isa = PBXBuildFile; productRef = P0010001; };
		C0010007 /* LogViewerView.swift in Sources */ = {isa = PBXBuildFile; fileRef = F0010007; };
/* End PBXBuildFile section */

/* Begin PBXFileReference section */
		F0010001 /* MQTTExplorerApp.swift */ = {isa = PBXFileReference; lastKnownFileType = sourcecode.swift; path = MQTTExplorerApp.swift; sourceTree = "<group>"; };
		F0010002 /* ContentView.swift */ = {isa = PBXFileReference; lastKnownFileType = sourcecode.swift; path = ContentView.swift; sourceTree = "<group>"; };
		F0010003 /* ConnectionSetupView.swift */ = {isa = PBXFileReference; lastKnownFileType = sourcecode.swift; path = ConnectionSetupView.swift; sourceTree = "<group>"; };
		F0010004 /* TopicTreeView.swift */ = {isa = PBXFileReference; lastKnownFileType = sourcecode.swift; path = TopicTreeView.swift; sourceTree = "<group>"; };
		F0010005 /* AppViewModel.swift */ = {isa = PBXFileReference; lastKnownFileType = sourcecode.swift; path = AppViewModel.swift; sourceTree = "<group>"; };
		F0010007 /* LogViewerView.swift */ = {isa = PBXFileReference; lastKnownFileType = sourcecode.swift; path = LogViewerView.swift; sourceTree = "<group>"; };
		F0010006 /* Info.plist */ = {isa = PBXFileReference; lastKnownFileType = text.plist.xml; path = Info.plist; sourceTree = "<group>"; };
		P0010000 /* MQTTExplorer.app */ = {isa = PBXFileReference; explicitFileType = wrapper.application; includeInIndex = 0; path = "MQTTExplorer.app"; sourceTree = BUILT_PRODUCTS_DIR; };
/* End PBXFileReference section */

/* Begin PBXFrameworksBuildPhase section */
		B0010001 /* Frameworks */ = {
			isa = PBXFrameworksBuildPhase;
			buildActionMask = 2147483647;
			files = (
				C0010006 /* MQTTExplorerBackend in Frameworks */,
			);
			runOnlyForDeploymentPostprocessing = 0;
		};
/* End PBXFrameworksBuildPhase section */

/* Begin PBXGroup section */
		G0010000 = {
			isa = PBXGroup;
			children = (
				G0010001 /* MQTTExplorerApp */,
				F0010006 /* Info.plist */,
				G0010002 /* Products */,
			);
			sourceTree = "<group>";
		};
		G0010001 /* MQTTExplorerApp */ = {
			isa = PBXGroup;
			children = (
				F0010001 /* MQTTExplorerApp.swift */,
				F0010002 /* ContentView.swift */,
				F0010003 /* ConnectionSetupView.swift */,
				F0010004 /* TopicTreeView.swift */,
				F0010005 /* AppViewModel.swift */,
				F0010007 /* LogViewerView.swift */,
			);
			path = Sources/MQTTExplorerApp;
			sourceTree = "<group>";
		};
		G0010002 /* Products */ = {
			isa = PBXGroup;
			children = (
				P0010000 /* MQTTExplorer.app */,
			);
			name = Products;
			sourceTree = "<group>";
		};
/* End PBXGroup section */

/* Begin PBXNativeTarget section */
		T0010001 /* MQTTExplorer */ = {
			isa = PBXNativeTarget;
			buildConfigurationList = L0010001;
			buildPhases = (
				S0010001 /* Sources */,
				B0010001 /* Frameworks */,
			);
			buildRules = (
			);
			dependencies = (
			);
			name = MQTTExplorer;
			packageProductDependencies = (
				P0010001 /* MQTTExplorerBackend */,
			);
			productName = MQTTExplorer;
			productReference = P0010000 /* MQTTExplorer.app */;
			productType = "com.apple.product-type.application";
		};
/* End PBXNativeTarget section */

/* Begin PBXProject section */
		R0010001 /* Project object */ = {
			isa = PBXProject;
			attributes = {
				BuildIndependentTargetsInParallel = 1;
				LastSwiftUpdateCheck = 1520;
				LastUpgradeCheck = 1520;
				TargetAttributes = {
					T0010001 = {
						CreatedOnToolsVersion = 15.2;
					};
				};
			};
			buildConfigurationList = L0010002;
			compatibilityVersion = "Xcode 14.0";
			developmentRegion = en;
			hasScannedForEncodings = 0;
			knownRegions = (
				en,
				Base,
			);
			mainGroup = G0010000;
			packageReferences = (
				R0010002 /* XCLocalSwiftPackageReference "../" */,
			);
			productRefGroup = G0010002 /* Products */;
			projectDirPath = "";
			projectRoot = "";
			targets = (
				T0010001 /* MQTTExplorer */,
			);
		};
/* End PBXProject section */

/* Begin PBXSourcesBuildPhase section */
		S0010001 /* Sources */ = {
			isa = PBXSourcesBuildPhase;
			buildActionMask = 2147483647;
			files = (
				C0010001 /* MQTTExplorerApp.swift in Sources */,
				C0010002 /* ContentView.swift in Sources */,
				C0010003 /* ConnectionSetupView.swift in Sources */,
				C0010004 /* TopicTreeView.swift in Sources */,
				C0010005 /* AppViewModel.swift in Sources */,
				C0010007 /* LogViewerView.swift in Sources */,
			);
			runOnlyForDeploymentPostprocessing = 0;
		};
/* End PBXSourcesBuildPhase section */

/* Begin XCBuildConfiguration section */
		D0010001 /* Debug */ = {
			isa = XCBuildConfiguration;
			buildSettings = {
				ALWAYS_SEARCH_USER_PATHS = NO;
				ASSETCATALOG_COMPILER_GENERATE_SWIFT_ASSET_SYMBOL_EXTENSIONS = YES;
				CLANG_ANALYZER_NONNULL = YES;
				CLANG_CXX_LANGUAGE_STANDARD = "gnu++20";
				CLANG_ENABLE_MODULES = YES;
				CLANG_ENABLE_OBJC_ARC = YES;
				COPY_PHASE_STRIP = NO;
				DEBUG_INFORMATION_FORMAT = dwarf;
				ENABLE_STRICT_OBJC_MSGSEND = YES;
				ENABLE_TESTABILITY = YES;
				ENABLE_USER_SCRIPT_SANDBOXING = NO;
				GCC_DYNAMIC_NO_PIC = NO;
				GCC_OPTIMIZATION_LEVEL = 0;
				GCC_PREPROCESSOR_DEFINITIONS = (
					"DEBUG=1",
					"$(inherited)",
				);
				INFOPLIST_FILE = Info.plist;
				IPHONEOS_DEPLOYMENT_TARGET = 17.0;
				LD_RUNPATH_SEARCH_PATHS = (
					"$(inherited)",
					"@executable_path/../Frameworks",
				);
				MACOSX_DEPLOYMENT_TARGET = 13.0;
				MTL_ENABLE_DEBUG_INFO = INCLUDE_SOURCE;
				ONLY_ACTIVE_ARCH = YES;
				PRODUCT_NAME = "$(TARGET_NAME)";
				SDKROOT = macosx;
				SWIFT_ACTIVE_COMPILATION_CONDITIONS = "DEBUG $(inherited)";
				SWIFT_OPTIMIZATION_LEVEL = "-Onone";
				SWIFT_VERSION = 5.0;
			};
			name = Debug;
		};
		D0010002 /* Release */ = {
			isa = XCBuildConfiguration;
			buildSettings = {
				ALWAYS_SEARCH_USER_PATHS = NO;
				ASSETCATALOG_COMPILER_GENERATE_SWIFT_ASSET_SYMBOL_EXTENSIONS = YES;
				CLANG_ANALYZER_NONNULL = YES;
				CLANG_CXX_LANGUAGE_STANDARD = "gnu++20";
				CLANG_ENABLE_MODULES = YES;
				CLANG_ENABLE_OBJC_ARC = YES;
				COPY_PHASE_STRIP = NO;
				DEBUG_INFORMATION_FORMAT = "dwarf-with-dsym";
				ENABLE_NS_ASSERTIONS = NO;
				ENABLE_STRICT_OBJC_MSGSEND = YES;
				ENABLE_USER_SCRIPT_SANDBOXING = NO;
				GCC_OPTIMIZATION_LEVEL = s;
				INFOPLIST_FILE = Info.plist;
				IPHONEOS_DEPLOYMENT_TARGET = 17.0;
				LD_RUNPATH_SEARCH_PATHS = (
					"$(inherited)",
					"@executable_path/../Frameworks",
				);
				MACOSX_DEPLOYMENT_TARGET = 13.0;
				MTL_ENABLE_DEBUG_INFO = NO;
				PRODUCT_NAME = "$(TARGET_NAME)";
				SDKROOT = macosx;
				SWIFT_COMPILATION_MODE = wholemodule;
				SWIFT_VERSION = 5.0;
				VALIDATE_PRODUCT = YES;
			};
			name = Release;
		};
		D0010003 /* Debug */ = {
			isa = XCBuildConfiguration;
			buildSettings = {
				CODE_SIGN_ENTITLEMENTS = "";
				CODE_SIGN_STYLE = Automatic;
				COMBINE_HIDPI_IMAGES = YES;
				CURRENT_PROJECT_VERSION = 1;
				DEVELOPMENT_TEAM = "";
				ENABLE_HARDENED_RUNTIME = YES;
				GENERATE_INFOPLIST_FILE = NO;
				INFOPLIST_FILE = Info.plist;
				LD_RUNPATH_SEARCH_PATHS = (
					"$(inherited)",
					"@executable_path/../Frameworks",
				);
				MACOSX_DEPLOYMENT_TARGET = 13.0;
				MARKETING_VERSION = 1.0;
				PRODUCT_BUNDLE_IDENTIFIER = "com.mqtt-explorer.native";
				PRODUCT_NAME = "$(TARGET_NAME)";
				SWIFT_EMIT_LOC_STRINGS = YES;
				SWIFT_VERSION = 5.0;
			};
			name = Debug;
		};
		D0010004 /* Release */ = {
			isa = XCBuildConfiguration;
			buildSettings = {
				CODE_SIGN_ENTITLEMENTS = "";
				CODE_SIGN_STYLE = Automatic;
				COMBINE_HIDPI_IMAGES = YES;
				CURRENT_PROJECT_VERSION = 1;
				DEVELOPMENT_TEAM = "";
				ENABLE_HARDENED_RUNTIME = YES;
				GENERATE_INFOPLIST_FILE = NO;
				INFOPLIST_FILE = Info.plist;
				LD_RUNPATH_SEARCH_PATHS = (
					"$(inherited)",
					"@executable_path/../Frameworks",
				);
				MACOSX_DEPLOYMENT_TARGET = 13.0;
				MARKETING_VERSION = 1.0;
				PRODUCT_BUNDLE_IDENTIFIER = "com.mqtt-explorer.native";
				PRODUCT_NAME = "$(TARGET_NAME)";
				SWIFT_EMIT_LOC_STRINGS = YES;
				SWIFT_VERSION = 5.0;
			};
			name = Release;
		};
/* End XCBuildConfiguration section */

/* Begin XCConfigurationList section */
		L0010001 /* Build configuration list for PBXNativeTarget "MQTTExplorer" */ = {
			isa = XCConfigurationList;
			buildConfigurations = (
				D0010003 /* Debug */,
				D0010004 /* Release */,
			);
			defaultConfigurationIsVisible = 0;
			defaultConfigurationName = Release;
		};
		L0010002 /* Build configuration list for PBXProject "MQTTExplorer" */ = {
			isa = XCConfigurationList;
			buildConfigurations = (
				D0010001 /* Debug */,
				D0010002 /* Release */,
			);
			defaultConfigurationIsVisible = 0;
			defaultConfigurationName = Release;
		};
/* End XCConfigurationList section */

/* Begin XCLocalSwiftPackageReference section */
		R0010002 /* XCLocalSwiftPackageReference "." */ = {
			isa = XCLocalSwiftPackageReference;
			relativePath = .;
		};
/* End XCLocalSwiftPackageReference section */

/* Begin XCSwiftPackageProductDependency section */
		P0010001 /* MQTTExplorerBackend */ = {
			isa = XCSwiftPackageProductDependency;
			productName = MQTTExplorerBackend;
		};
/* End XCSwiftPackageProductDependency section */

	};
	rootObject = R0010001 /* Project object */;
}
